
Microsoft Visual Studio Solution File, Format Version 12.00
# Visual Studio Version 17
VisualStudioVersion = 17.11.35222.181
MinimumVisualStudioVersion = 10.0.40219.1
Project("{FAE04EC0-301F-11D3-BF4B-00C04F79EFBC}") = "StudentDatabase", "StudentDatabase.csproj", "{2720F3E6-0E17-45A1-BA0C-548E237963C7}"
EndProject
Global
	GlobalSection(SolutionConfigurationPlatforms) = preSolution
		Debug|Any CPU = Debug|Any CPU
		Release|Any CPU = Release|Any CPU
	EndGlobalSection
	GlobalSection(ProjectConfigurationPlatforms) = postSolution
		{2720F3E6-0E17-45A1-BA0C-548E237963C7}.Debug|Any CPU.ActiveCfg = Debug|Any CPU
		{2720F3E6-0E17-45A1-BA0C-548E237963C7}.Debug|Any CPU.Build.0 = Debug|Any CPU
		{2720F3E6-0E17-45A1-BA0C-548E237963C7}.Release|Any CPU.ActiveCfg = Release|Any CPU
		{2720F3E6-0E17-45A1-BA0C-548E237963C7}.Release|Any CPU.Build.0 = Release|Any CPU
	EndGlobalSection
	GlobalSection(SolutionProperties) = preSolution
		HideSolutionNode = FALSE
	EndGlobalSection
	GlobalSection(ExtensibilityGlobals) = postSolution
		SolutionGuid = {E0168F65-1FC6-4046-A4A9-254A36C7776A}
	EndGlobalSection
EndGlobal
